
Microsoft Visual Studio Solution File, Format Version 12.00
# Visual Studio Version 16
VisualStudioVersion = 16.0.32228.343
MinimumVisualStudioVersion = 10.0.40219.1
Project("{FAE04EC0-301F-11D3-BF4B-00C04F79EFBC}") = "TheBugTracker", "TheBugTracker\TheBugTracker.csproj", "{67741A03-59D0-4CEF-9929-102434E50CB1}"
EndProject
Global
	GlobalSection(SolutionConfigurationPlatforms) = preSolution
		Debug|Any CPU = Debug|Any CPU
		Release|Any CPU = Release|Any CPU
	EndGlobalSection
	GlobalSection(ProjectConfigurationPlatforms) = postSolution
		{67741A03-59D0-4CEF-9929-102434E50CB1}.Debug|Any CPU.ActiveCfg = Debug|Any CPU
		{67741A03-59D0-4CEF-9929-102434E50CB1}.Debug|Any CPU.Build.0 = Debug|Any CPU
		{67741A03-59D0-4CEF-9929-102434E50CB1}.Release|Any CPU.ActiveCfg = Release|Any CPU
		{67741A03-59D0-4CEF-9929-102434E50CB1}.Release|Any CPU.Build.0 = Release|Any CPU
	EndGlobalSection
	GlobalSection(SolutionProperties) = preSolution
		HideSolutionNode = FALSE
	EndGlobalSection
	GlobalSection(ExtensibilityGlobals) = postSolution
		SolutionGuid = {B459D540-CCFA-4ECB-A34C-6ECF799AE3B1}
	EndGlobalSection
EndGlobal
